---
lockfileVersion: 1
lockfileVendor: redhat
arches:
- arch: aarch64
  packages:
  - url: https://cdn-ubi.redhat.com/content/public/ubi/dist/ubi9/9/aarch64/appstream/os/Packages/o/oniguruma-6.9.6-1.el9.5.aarch64.rpm
    repoid: ubi-9-for-aarch64-appstream-rpms
    size: 222582
    checksum: sha256:bc2305dad655ddb94f966158112efd6cefa6824d5aa2e80f63881f16cee74598
    name: oniguruma
    evr: 6.9.6-1.el9.5
    sourcerpm: oniguruma-6.9.6-1.el9.5.src.rpm
  - url: https://cdn-ubi.redhat.com/content/public/ubi/dist/ubi9/9/aarch64/baseos/os/Packages/j/jq-1.6-17.el9_6.2.aarch64.rpm
    repoid: ubi-9-for-aarch64-baseos-rpms
    size: 185443
    checksum: sha256:46c953403e2da3202cb0509f4895afacbbfa95f840b4e228dc4c72c1523b8aae
    name: jq
    evr: 1.6-17.el9_6.2
    sourcerpm: jq-1.6-17.el9_6.2.src.rpm
  source: []
  module_metadata: []
- arch: ppc64le
  packages:
  - url: https://cdn-ubi.redhat.com/content/public/ubi/dist/ubi9/9/ppc64le/appstream/os/Packages/o/oniguruma-6.9.6-1.el9.5.ppc64le.rpm
    repoid: ubi-9-for-ppc64le-appstream-rpms
    size: 246370
    checksum: sha256:0b700ed36523819c0dd5066cf5835c7ffb3691dbc13657e3f49acc71635fd6a6
    name: oniguruma
    evr: 6.9.6-1.el9.5
    sourcerpm: oniguruma-6.9.6-1.el9.5.src.rpm
  - url: https://cdn-ubi.redhat.com/content/public/ubi/dist/ubi9/9/ppc64le/baseos/os/Packages/j/jq-1.6-17.el9_6.2.ppc64le.rpm
    repoid: ubi-9-for-ppc64le-baseos-rpms
    size: 204618
    checksum: sha256:964f8b38dd2dc7be437a0f2159984cee8ff32326918c436d291f52dc887d36bc
    name: jq
    evr: 1.6-17.el9_6.2
    sourcerpm: jq-1.6-17.el9_6.2.src.rpm
  source: []
  module_metadata: []
- arch: s390x
  packages:
  - url: https://cdn-ubi.redhat.com/content/public/ubi/dist/ubi9/9/s390x/appstream/os/Packages/o/oniguruma-6.9.6-1.el9.5.s390x.rpm
    repoid: ubi-9-for-s390x-appstream-rpms
    size: 225810
    checksum: sha256:02fab0b52c89158bd45ccc575ccc9186f196fc514eccd66ebfc72c6b0a08849f
    name: oniguruma
    evr: 6.9.6-1.el9.5
    sourcerpm: oniguruma-6.9.6-1.el9.5.src.rpm
  - url: https://cdn-ubi.redhat.com/content/public/ubi/dist/ubi9/9/s390x/baseos/os/Packages/j/jq-1.6-17.el9_6.2.s390x.rpm
    repoid: ubi-9-for-s390x-baseos-rpms
    size: 201048
    checksum: sha256:ac3defc220a9db4c5380e36fad169e1727160b9cfd0b9b32b6e8d6e6a7897dcd
    name: jq
    evr: 1.6-17.el9_6.2
    sourcerpm: jq-1.6-17.el9_6.2.src.rpm
  source: []
  module_metadata: []
- arch: x86_64
  packages:
  - url: https://cdn-ubi.redhat.com/content/public/ubi/dist/ubi9/9/x86_64/appstream/os/Packages/o/oniguruma-6.9.6-1.el9.5.x86_64.rpm
    repoid: ubi-9-for-x86_64-appstream-rpms
    size: 226331
    checksum: sha256:6c884cc2216e5b4699ebd8cde27b39e99532520b367f645ed6cc660d081916dc
    name: oniguruma
    evr: 6.9.6-1.el9.5
    sourcerpm: oniguruma-6.9.6-1.el9.5.src.rpm
  - url: https://cdn-ubi.redhat.com/content/public/ubi/dist/ubi9/9/x86_64/baseos/os/Packages/j/jq-1.6-17.el9_6.2.x86_64.rpm
    repoid: ubi-9-for-x86_64-baseos-rpms
    size: 191681
    checksum: sha256:d3c6d74db82f6c55533f2d9798d2d4e44988d212880b5b2afd855a43fe2b17d9
    name: jq
    evr: 1.6-17.el9_6.2
    sourcerpm: jq-1.6-17.el9_6.2.src.rpm
  source: []
  module_metadata: []
