cloud.google.com/go v0.34.0/go.mod h1:aQUYkXzVsufM+DwF1aE+0xfcU+56JwCaLick0ClmMTw=
github.com/Azure/go-autorest v11.1.2+incompatible/go.mod h1:r+4oMnoxhatjLLJ6zxSWATqVooLgysK6ZNox3g/xq24=
github.com/davecgh/go-spew v1.1.1/go.mod h1:J7Y8YcW2NihsgmVo/mv3lAwl/skON4iLHjSsI+c5H38=
github.com/dgrijalva/jwt-go v0.0.0-20160705203006-01aeca54ebda/go.mod h1:E3ru+11k8xSBh+hMPgOLZmtrrCbhqsmaPHjLKYnJCaQ=
github.com/docker/spdystream v0.0.0-20160310174837-449fdfce4d96/go.mod h1:Qh8CwZgvJUkLughtfhJv5dyTYa91l1fOUCrgjqmcifM=
github.com/elazarl/goproxy v0.0.0-20170405201442-c4fc26588b6e/go.mod h1:/Zj4wYkgs4iZTTu3o/KG3Itv/qCCa8VVMlb3i9OVuzc=
github.com/evanphx/json-patch v0.0.0-20190203023257-5858425f7550/go.mod h1:50XU6AFN0ol/bzJsmQLiYLvXMP4fmwYFNcr97nuDLSk=
github.com/fsnotify/fsnotify v1.4.7/go.mod h1:jwhsz4b93w/PPRr/qN1Yymfu8t87LnFCMoQvtojpjFo=
github.com/gogo/protobuf v0.0.0-20171007142547-342cbe0a0415/go.mod h1:r8qH/GZQm5c6nD/R0oafs1akxWv10x8SbQlK7atdtwQ=
github.com/golang/groupcache v0.0.0-20160516000752-02826c3e7903/go.mod h1:cIg4eruTrX1D+g88fzRXU5OdNfaM+9IcxsU14FzY7Hc=
github.com/golang/protobuf v1.2.0/go.mod h1:6lQm79b+lXiMfvg/cZm0SGofjICqVBUtrP5yJMmIC1U=
github.com/google/btree v0.0.0-20160524151835-7d79101e329e/go.mod h1:lNA+9X1NB3Zf8V7Ke586lFgjr2dZNuvo3lPJSGZ5JPQ=
github.com/google/go-cmp v0.3.0/go.mod h1:8QqcDgzrUqlUb/G2PQTWiueGozuR1884gddMywk6iLU=
github.com/google/gofuzz v0.0.0-20170612174753-24818f796faf/go.mod h1:HP5RmnzzSNb993RKQDq4+1A4ia9nllfqcQFTQJedwGI=
github.com/google/uuid v1.0.0/go.mod h1:TIyPZe4MgqvfeYDBFedMoGGpEw/LqOeaOT+nhxU+yHo=
github.com/googleapis/gnostic v0.0.0-20170729233727-0c5108395e2d/go.mod h1:sJBsCZ4ayReDTBIg8b9dl28c5xFWyhBTVRp3pOg5EKY=
github.com/gophercloud/gophercloud v0.0.0-20190126172459-c818fa66e4c8/go.mod h1:3WdhXV3rUYy9p6AUW8d94kr+HS62Y4VL9mBnFxsD8q4=
github.com/gregjones/httpcache v0.0.0-20170728041850-787624de3eb7/go.mod h1:FecbI9+v66THATjSRHfNgh1IVFe/9kFxbXtjV0ctIMA=
github.com/hashicorp/golang-lru v0.5.0/go.mod h1:/m3WP610KZHVQ1SGc6re/UDhFvYD7pJ4Ao+sR/qLZy8=
github.com/hpcloud/tail v1.0.0/go.mod h1:ab1qPbhIpdTxEkNHXyeSf5vhxWSCs/tWer42PpOxQnU=
github.com/imdario/mergo v0.3.5/go.mod h1:2EnlNZ0deacrJVfApfmtdGgDfMuh/nq6Ok1EcJh5FfA=
github.com/json-iterator/go v0.0.0-20180701071628-ab8a2e0c74be/go.mod h1:+SdeFBvtyEkXs7REEP0seUULqWtbJapLOCVDaaPEHmU=
github.com/kubernetes-csi/external-snapshotter/client/v6 v6.3.0 h1:qS4r4ljINLWKJ9m9Ge3Q3sGZ/eIoDVDT2RhAdQFHb1k=
github.com/kubernetes-csi/external-snapshotter/client/v6 v6.3.0/go.mod h1:oGXx2XTEzs9ikW2V6IC1dD8trgjRsS/Mvc2JRiC618Y=
github.com/modern-go/concurrent v0.0.0-20180306012644-bacd9c7ef1dd/go.mod h1:6dJC0mAP4ikYIbvyc7fijjWJddQyLn8Ig3JB5CqoB9Q=
github.com/modern-go/reflect2 v1.0.1/go.mod h1:bx2lNnkwVCuqBIxFjflWJWanXIb3RllmbCylyMrvgv0=
github.com/mxk/go-flowrate v0.0.0-20140419014527-cca7078d478f/go.mod h1:ZdcZmHo+o7JKHSa8/e818NopupXU1YMK5fe1lsApnBw=
github.com/onsi/ginkgo v1.6.0/go.mod h1:lLunBs/Ym6LB5Z9jYTR76FiuTmxDTDusOGeTQH+WWjE=
github.com/onsi/gomega v0.0.0-20190113212917-5533ce8a0da3/go.mod h1:ex+gbHU/CVuBBDIJjb2X0qEXbFg53c61hWP/1CpauHY=
github.com/openshift/api v0.0.0-20231109185848-6cd72e415ddb h1:7yuChBWrTmrp3bowYfaNSXX18Z+65Dkj/e73k6IITgE=
github.com/openshift/api v0.0.0-20231109185848-6cd72e415ddb/go.mod h1:qNtV0315F+f8ld52TLtPvrfivZpdimOzTi3kn9IVbtU=
github.com/openshift/cluster-api-provider-agent/api v0.0.0-20231011075558-a55a6c0381fd h1:jwV7LZz6af6aIXvTz1enAddUtF4XUsxjiz0IbyCGk38=
github.com/openshift/cluster-api-provider-agent/api v0.0.0-20231011075558-a55a6c0381fd/go.mod h1:RNzrOK4TA6LdyrgrEvb1TXjOnhRC+iBmnBoAa/4ivBw=
github.com/openshift/hypershift v0.1.15 h1:jnCn3iw35wtPDwdPaUIX/G/R5PK3WOp9dnnaZHWvico=
github.com/openshift/hypershift v0.1.15/go.mod h1:W1jnNt6rhsdYKYUsqiYL8RNawp0x8Dr9o0E5+nO3+bw=
github.com/peterbourgon/diskv v2.0.1+incompatible/go.mod h1:uqqh8zWWbv1HBMNONnaR/tNboyR3/BZd58JJSHlUSCU=
github.com/pmezard/go-difflib v1.0.0/go.mod h1:iKH77koFhYxTK1pcRnkKkqfTogsbg7gZNVY4sRDYZ/4=
github.com/prometheus-operator/prometheus-operator/pkg/apis/monitoring v0.69.1 h1:hOnp+1FLBm+ifsyiRbunmfSs99jKAq+Tr5elCmo5l5U=
github.com/prometheus-operator/prometheus-operator/pkg/apis/monitoring v0.69.1/go.mod h1:JtflYMUMay9HGil4aRg+dSj6X6mngtuBJf/ULOCxbxI=
github.com/spf13/pflag v1.0.1/go.mod h1:DYY7MBk1bdzusC3SYhjObp+wFpr4gzcvqqNjLnInEg4=
github.com/stretchr/testify v1.2.2/go.mod h1:a8OnRcib4nhh0OaRAV+Yts87kKdq0PP7pXfy6kDkUVs=
golang.org/x/crypto v0.0.0-20181025213731-e84da0312774/go.mod h1:6SG95UA2DQfeDnfUPMdvaQW0Q7yPrPDi9nlGo2tz2b4=
golang.org/x/net v0.0.0-20180724234803-3673e40ba225/go.mod h1:mL1N/T3taQHkDXs73rZJwtUhF3w3ftmwwsq0BUmARs4=
golang.org/x/net v0.0.0-20180906233101-161cd47e91fd/go.mod h1:mL1N/T3taQHkDXs73rZJwtUhF3w3ftmwwsq0BUmARs4=
golang.org/x/net v0.0.0-20190108225652-1e06a53dbb7e/go.mod h1:mL1N/T3taQHkDXs73rZJwtUhF3w3ftmwwsq0BUmARs4=
golang.org/x/net v0.0.0-20190206173232-65e2d4e15006/go.mod h1:mL1N/T3taQHkDXs73rZJwtUhF3w3ftmwwsq0BUmARs4=
golang.org/x/oauth2 v0.0.0-20190402181905-9f3314589c9a/go.mod h1:gOpvHmFTYa4IltrdGE7lF6nIHvwfUNPOp7c8zoXwtLw=
golang.org/x/sync v0.0.0-20180314180146-1d60e4601c6f/go.mod h1:RxMgew5VJxzue5/jJTE5uejpjVlOe/izrB70Jof72aM=
golang.org/x/sync v0.0.0-20181221193216-37e7f081c4d4/go.mod h1:RxMgew5VJxzue5/jJTE5uejpjVlOe/izrB70Jof72aM=
golang.org/x/sys v0.0.0-20180909124046-d0be0721c37e/go.mod h1:STP8DvDyc/dI5b8T5hshtkjS+E42TnysNCUPdjciGhY=
golang.org/x/sys v0.0.0-20190312061237-fead79001313/go.mod h1:h1NjWce9XRLGQEsW7wpKNCjG9DtNlClVuFLEZdDNbEs=
golang.org/x/text v0.3.0/go.mod h1:NqM8EUOU14njkJ3fqMW+pc6Ldnwhi/IjpwHt7yyuwOQ=
golang.org/x/text v0.3.1-0.20181227161524-e6919f6577db/go.mod h1:bEr9sfX3Q8Zfm5fL9x+3itogRgK3+ptLWKqgva+5dAk=
golang.org/x/time v0.0.0-20161028155119-f51c12702a4d/go.mod h1:tRJNPiyCQ0inRvYxbN9jk5I+vvW/OXSQhTDSoE431IQ=
golang.org/x/tools v0.0.0-20180917221912-90fa682c2a6e/go.mod h1:n7NCudcB/nEzxVGmLbDWY5pfWTLqBcC2KZ6jyYvM4mQ=
google.golang.org/appengine v1.4.0/go.mod h1:xpcJRLb0r/rnEns0DIKYYv+WjYCduHsrkT7/EB5XEv4=
google.golang.org/appengine v1.5.0/go.mod h1:xpcJRLb0r/rnEns0DIKYYv+WjYCduHsrkT7/EB5XEv4=
gopkg.in/check.v1 v0.0.0-20161208181325-20d25e280405/go.mod h1:Co6ibVJAznAaIkqp8huTwlJQCZ016jof/cbN4VW5Yz0=
gopkg.in/fsnotify.v1 v1.4.7/go.mod h1:Tz8NjZHkW78fSQdbUxIjBTcgA1z1m8ZHf0WmKUhAMys=
gopkg.in/inf.v0 v0.9.0/go.mod h1:cWUDdTG/fYaXco+Dcufb5Vnc6Gp2YChqWtbxRZE0mXw=
gopkg.in/tomb.v1 v1.0.0-20141024135613-dd632973f1e7/go.mod h1:dt/ZhP58zS4L8KSrWDmTeBkI65Dw0HsyUHuEVlX15mw=
gopkg.in/yaml.v2 v2.2.1/go.mod h1:hI93XBmqTisBFMUTm0b8Fm+jr3Dg1NNxqwp+5A1VGuI=
k8s.io/api v0.0.0-20190620084959-7cf5895f2711/go.mod h1:TBhBqb1AWbBQbW3XRusr7n7E4v2+5ZY8r8sAMnyFC5A=
k8s.io/api v0.28.3 h1:Gj1HtbSdB4P08C8rs9AR94MfSGpRhJgsS+GF9V26xMM=
k8s.io/api v0.28.3/go.mod h1:MRCV/jr1dW87/qJnZ57U5Pak65LGmQVkKTzf3AtKFHc=
k8s.io/apiextensions-apiserver v0.28.3 h1:Od7DEnhXHnHPZG+W9I97/fSQkVpVPQx2diy+2EtmY08=
k8s.io/apiextensions-apiserver v0.28.3/go.mod h1:NE1XJZ4On0hS11aWWJUTNkmVB03j9LM7gJSisbRt8Lc=
k8s.io/apimachinery v0.0.0-20190612205821-1799e75a0719/go.mod h1:I4A+glKBHiTgiEjQiCCQfCAIcIMFGt291SmsvcrFzJA=
k8s.io/apimachinery v0.28.3 h1:B1wYx8txOaCQG0HmYF6nbpU8dg6HvA06x5tEffvOe7A=
k8s.io/apimachinery v0.28.3/go.mod h1:uQTKmIqs+rAYaq+DFaoD2X7pcjLOqbQX2AOiO0nIpb8=
k8s.io/apiserver v0.28.3 h1:8Ov47O1cMyeDzTXz0rwcfIIGAP/dP7L8rWbEljRcg5w=
k8s.io/apiserver v0.28.3/go.mod h1:YIpM+9wngNAv8Ctt0rHG4vQuX/I5rvkEMtZtsxW2rNM=
k8s.io/client-go v12.0.0+incompatible/go.mod h1:E95RaSlHr79aHaX0aGSwcPNfygDiPKOVXdmivCIZT0k=
k8s.io/klog v0.3.1/go.mod h1:Gq+BEi5rUBO/HRz0bTSXDUcqjScdoY3a9IHpCEIOOfk=
k8s.io/kube-openapi v0.0.0-20190228160746-b3a7cee44a30/go.mod h1:BXM9ceUBTj2QnfH2MK1odQs778ajze1RxcmP6S8RVVc=
k8s.io/utils v0.0.0-20190221042446-c2654d5206da/go.mod h1:8k8uAuAQ0rXslZKaEWd0c3oVhZz7sSzSiPnVZayjIX0=
kubevirt.io/api v1.1.0 h1:G6/32Emr8cout4MUc2Gi3tfp92rq/rMh5LyhKhMxntw=
kubevirt.io/api v1.1.0/go.mod h1:CJ4vZsaWhVN3jNbyc9y3lIZhw8nUHbWjap0xHABQiqc=
kubevirt.io/containerized-data-importer-api v1.57.0 h1:IpRCUyDS0x7BaVa5q5MCzuWRAfvXT54GpEnNJke5hSE=
kubevirt.io/containerized-data-importer-api v1.57.0/go.mod h1:Y/8ETgHS1GjO89bl682DPtQOYEU/1ctPFBz6Sjxm4DM=
sigs.k8s.io/cluster-api v1.5.3 h1:TtxneDCps14sZ9bNr515ivBRMj9OwUE6mRUr6l7fSBA=
sigs.k8s.io/cluster-api v1.5.3/go.mod h1:0fMUk93Wf7AkQHIWLbDoKsiUHaMxnpqfLMlVmx8DX7Q=
sigs.k8s.io/cluster-api-provider-aws/v2 v2.2.4 h1:UhSy3PnQY+qFAWsgLxj7CIDLfZ1y4XjaGYr60zLbV5w=
sigs.k8s.io/cluster-api-provider-aws/v2 v2.2.4/go.mod h1:fFCAeT/b1Xr0/TdlR83m1FZfHAF3XrIouWSDUtRi+P4=
sigs.k8s.io/cluster-api-provider-azure v1.11.5 h1:6WlOeBfZ7xHCWLNzDxE+4Mp0vaQCH841Bzkf4JgIWvQ=
sigs.k8s.io/cluster-api-provider-azure v1.11.5/go.mod h1:qorEKujuxG9S/fpUhqWn5WTBYfLGIaTw/t8+elEedTQ=
sigs.k8s.io/cluster-api-provider-ibmcloud v0.6.0 h1:uRVgEyZn0cp4ou2tBGEzm9kA4XQBZRWrrX19jPSV07Y=
sigs.k8s.io/cluster-api-provider-ibmcloud v0.6.0/go.mod h1:/YGABlED5qr9BWAR7TMq7xxa0gO09uxqPaiQvvu5JbQ=
sigs.k8s.io/cluster-api-provider-kubevirt v0.1.7 h1:/b/QWt2lPmCjLvTGER96HlO7uV+KQwqL3vtoC3pjHCs=
sigs.k8s.io/cluster-api-provider-kubevirt v0.1.7/go.mod h1:w2DRL1yxA+IG/hhsATZXMIrFYX3JELbWJH/k9tT599s=
sigs.k8s.io/controller-runtime v0.16.3 h1:2TuvuokmfXvDUamSx1SuAOO3eTyye+47mJCigwG62c4=
sigs.k8s.io/controller-runtime v0.16.3/go.mod h1:j7bialYoSn142nv9sCOJmQgDXQXxnroFU4VnX/brVJ0=
sigs.k8s.io/yaml v1.1.0/go.mod h1:UJmg0vDUVViEyp3mgSv9WPwZCDxu4rQW1olrI1uml+o=
